// !$*UTF8*$!
{
	archiveVersion = 1;
	classes = {
	};
	objectVersion = 56;
	objects = {

/* Begin PBXBuildFile section */
		994390732ACBF06D00BA2490 /* OTTTemplateAppApp.swift in Sources */ = {isa = PBXBuildFile; fileRef = 994390722ACBF06D00BA2490 /* OTTTemplateAppApp.swift */; };
		994390752ACBF06D00BA2490 /* ContentView.swift in Sources */ = {isa = PBXBuildFile; fileRef = 994390742ACBF06D00BA2490 /* ContentView.swift */; };
		994390772ACBF06D00BA2490 /* Item.swift in Sources */ = {isa = PBXBuildFile; fileRef = 994390762ACBF06D00BA2490 /* Item.swift */; };
		994390792ACBF06F00BA2490 /* Assets.xcassets in Resources */ = {isa = PBXBuildFile; fileRef = 994390782ACBF06F00BA2490 /* Assets.xcassets */; };
		9943907C2ACBF06F00BA2490 /* Preview Assets.xcassets in Resources */ = {isa = PBXBuildFile; fileRef = 9943907B2ACBF06F00BA2490 /* Preview Assets.xcassets */; };
		994390862ACBF07000BA2490 /* OTTTemplateAppTests.swift in Sources */ = {isa = PBXBuildFile; fileRef = 994390852ACBF07000BA2490 /* OTTTemplateAppTests.swift */; };
		994390902ACBF07000BA2490 /* OTTTemplateAppUITests.swift in Sources */ = {isa = PBXBuildFile; fileRef = 9943908F2ACBF07000BA2490 /* OTTTemplateAppUITests.swift */; };
		994390922ACBF07000BA2490 /* OTTTemplateAppUITestsLaunchTests.swift in Sources */ = {isa = PBXBuildFile; fileRef = 994390912ACBF07000BA2490 /* OTTTemplateAppUITestsLaunchTests.swift */; };
/* End PBXBuildFile section */

/* Begin PBXContainerItemProxy section */
		994390822ACBF07000BA2490 /* PBXContainerItemProxy */ = {
			isa = PBXContainerItemProxy;
			containerPortal = 994390672ACBF06D00BA2490 /* Project object */;
			proxyType = 1;
			remoteGlobalIDString = 9943906E2ACBF06D00BA2490;
			remoteInfo = OTTTemplateApp;
		};
		9943908C2ACBF07000BA2490 /* PBXContainerItemProxy */ = {
			isa = PBXContainerItemProxy;
			containerPortal = 994390672ACBF06D00BA2490 /* Project object */;
			proxyType = 1;
			remoteGlobalIDString = 9943906E2ACBF06D00BA2490;
			remoteInfo = OTTTemplateApp;
		};
/* End PBXContainerItemProxy section */

/* Begin PBXFileReference section */
		9943906F2ACBF06D00BA2490 /* OTTTemplateApp.app */ = {isa = PBXFileReference; explicitFileType = wrapper.application; includeInIndex = 0; path = OTTTemplateApp.app; sourceTree = BUILT_PRODUCTS_DIR; };
		994390722ACBF06D00BA2490 /* OTTTemplateAppApp.swift */ = {isa = PBXFileReference; lastKnownFileType = sourcecode.swift; path = OTTTemplateAppApp.swift; sourceTree = "<group>"; };
		994390742ACBF06D00BA2490 /* ContentView.swift */ = {isa = PBXFileReference; lastKnownFileType = sourcecode.swift; path = ContentView.swift; sourceTree = "<group>"; };
		994390762ACBF06D00BA2490 /* Item.swift */ = {isa = PBXFileReference; lastKnownFileType = sourcecode.swift; path = Item.swift; sourceTree = "<group>"; };
		994390782ACBF06F00BA2490 /* Assets.xcassets */ = {isa = PBXFileReference; lastKnownFileType = folder.assetcatalog; path = Assets.xcassets; sourceTree = "<group>"; };
		9943907B2ACBF06F00BA2490 /* Preview Assets.xcassets */ = {isa = PBXFileReference; lastKnownFileType = folder.assetcatalog; path = "Preview Assets.xcassets"; sourceTree = "<group>"; };
		994390812ACBF07000BA2490 /* OTTTemplateAppTests.xctest */ = {isa = PBXFileReference; explicitFileType = wrapper.cfbundle; includeInIndex = 0; path = OTTTemplateAppTests.xctest; sourceTree = BUILT_PRODUCTS_DIR; };
		994390852ACBF07000BA2490 /* OTTTemplateAppTests.swift */ = {isa = PBXFileReference; lastKnownFileType = sourcecode.swift; path = OTTTemplateAppTests.swift; sourceTree = "<group>"; };
		9943908B2ACBF07000BA2490 /* OTTTemplateAppUITests.xctest */ = {isa = PBXFileReference; explicitFileType = wrapper.cfbundle; includeInIndex = 0; path = OTTTemplateAppUITests.xctest; sourceTree = BUILT_PRODUCTS_DIR; };
		9943908F2ACBF07000BA2490 /* OTTTemplateAppUITests.swift */ = {isa = PBXFileReference; lastKnownFileType = sourcecode.swift; path = OTTTemplateAppUITests.swift; sourceTree = "<group>"; };
		994390912ACBF07000BA2490 /* OTTTemplateAppUITestsLaunchTests.swift */ = {isa = PBXFileReference; lastKnownFileType = sourcecode.swift; path = OTTTemplateAppUITestsLaunchTests.swift; sourceTree = "<group>"; };
/* End PBXFileReference section */

/* Begin PBXFrameworksBuildPhase section */
		9943906C2ACBF06D00BA2490 /* Frameworks */ = {
			isa = PBXFrameworksBuildPhase;
			buildActionMask = 2147483647;
			files = (
			);
			runOnlyForDeploymentPostprocessing = 0;
		};
		9943907E2ACBF07000BA2490 /* Frameworks */ = {
			isa = PBXFrameworksBuildPhase;
			buildActionMask = 2147483647;
			files = (
			);
			runOnlyForDeploymentPostprocessing = 0;
		};
		994390882ACBF07000BA2490 /* Frameworks */ = {
			isa = PBXFrameworksBuildPhase;
			buildActionMask = 2147483647;
			files = (
			);
			runOnlyForDeploymentPostprocessing = 0;
		};
/* End PBXFrameworksBuildPhase section */

/* Begin PBXGroup section */
		994390662ACBF06D00BA2490 = {
			isa = PBXGroup;
			children = (
				994390712ACBF06D00BA2490 /* OTTTemplateApp */,
				994390842ACBF07000BA2490 /* OTTTemplateAppTests */,
				9943908E2ACBF07000BA2490 /* OTTTemplateAppUITests */,
				994390702ACBF06D00BA2490 /* Products */,
			);
			sourceTree = "<group>";
		};
		994390702ACBF06D00BA2490 /* Products */ = {
			isa = PBXGroup;
			children = (
				9943906F2ACBF06D00BA2490 /* OTTTemplateApp.app */,
				994390812ACBF07000BA2490 /* OTTTemplateAppTests.xctest */,
				9943908B2ACBF07000BA2490 /* OTTTemplateAppUITests.xctest */,
			);
			name = Products;
			sourceTree = "<group>";
		};
		994390712ACBF06D00BA2490 /* OTTTemplateApp */ = {
			isa = PBXGroup;
			children = (
				994390722ACBF06D00BA2490 /* OTTTemplateAppApp.swift */,
				994390742ACBF06D00BA2490 /* ContentView.swift */,
				994390762ACBF06D00BA2490 /* Item.swift */,
				994390782ACBF06F00BA2490 /* Assets.xcassets */,
				9943907A2ACBF06F00BA2490 /* Preview Content */,
			);
			path = OTTTemplateApp;
			sourceTree = "<group>";
		};
		9943907A2ACBF06F00BA2490 /* Preview Content */ = {
			isa = PBXGroup;
			children = (
				9943907B2ACBF06F00BA2490 /* Preview Assets.xcassets */,
			);
			path = "Preview Content";
			sourceTree = "<group>";
		};
		994390842ACBF07000BA2490 /* OTTTemplateAppTests */ = {
			isa = PBXGroup;
			children = (
				994390852ACBF07000BA2490 /* OTTTemplateAppTests.swift */,
			);
			path = OTTTemplateAppTests;
			sourceTree = "<group>";
		};
		9943908E2ACBF07000BA2490 /* OTTTemplateAppUITests */ = {
			isa = PBXGroup;
			children = (
				9943908F2ACBF07000BA2490 /* OTTTemplateAppUITests.swift */,
				994390912ACBF07000BA2490 /* OTTTemplateAppUITestsLaunchTests.swift */,
			);
			path = OTTTemplateAppUITests;
			sourceTree = "<group>";
		};
/* End PBXGroup section */

/* Begin PBXNativeTarget section */
		9943906E2ACBF06D00BA2490 /* OTTTemplateApp */ = {
			isa = PBXNativeTarget;
			buildConfigurationList = 994390952ACBF07000BA2490 /* Build configuration list for PBXNativeTarget "OTTTemplateApp" */;
			buildPhases = (
				9943906B2ACBF06D00BA2490 /* Sources */,
				9943906C2ACBF06D00BA2490 /* Frameworks */,
				9943906D2ACBF06D00BA2490 /* Resources */,
			);
			buildRules = (
			);
			dependencies = (
			);
			name = OTTTemplateApp;
			productName = OTTTemplateApp;
			productReference = 9943906F2ACBF06D00BA2490 /* OTTTemplateApp.app */;
			productType = "com.apple.product-type.application";
		};
		994390802ACBF07000BA2490 /* OTTTemplateAppTests */ = {
			isa = PBXNativeTarget;
			buildConfigurationList = 994390982ACBF07000BA2490 /* Build configuration list for PBXNativeTarget "OTTTemplateAppTests" */;
			buildPhases = (
				9943907D2ACBF07000BA2490 /* Sources */,
				9943907E2ACBF07000BA2490 /* Frameworks */,
				9943907F2ACBF07000BA2490 /* Resources */,
			);
			buildRules = (
			);
			dependencies = (
				994390832ACBF07000BA2490 /* PBXTargetDependency */,
			);
			name = OTTTemplateAppTests;
			productName = OTTTemplateAppTests;
			productReference = 994390812ACBF07000BA2490 /* OTTTemplateAppTests.xctest */;
			productType = "com.apple.product-type.bundle.unit-test";
		};
		9943908A2ACBF07000BA2490 /* OTTTemplateAppUITests */ = {
			isa = PBXNativeTarget;
			buildConfigurationList = 9943909B2ACBF07000BA2490 /* Build configuration list for PBXNativeTarget "OTTTemplateAppUITests" */;
			buildPhases = (
				994390872ACBF07000BA2490 /* Sources */,
				994390882ACBF07000BA2490 /* Frameworks */,
				994390892ACBF07000BA2490 /* Resources */,
			);
			buildRules = (
			);
			dependencies = (
				9943908D2ACBF07000BA2490 /* PBXTargetDependency */,
			);
			name = OTTTemplateAppUITests;
			productName = OTTTemplateAppUITests;
			productReference = 9943908B2ACBF07000BA2490 /* OTTTemplateAppUITests.xctest */;
			productType = "com.apple.product-type.bundle.ui-testing";
		};
/* End PBXNativeTarget section */

/* Begin PBXProject section */
		994390672ACBF06D00BA2490 /* Project object */ = {
			isa = PBXProject;
			attributes = {
				BuildIndependentTargetsInParallel = 1;
				LastSwiftUpdateCheck = 1500;
				LastUpgradeCheck = 1500;
				TargetAttributes = {
					9943906E2ACBF06D00BA2490 = {
						CreatedOnToolsVersion = 15.0;
					};
					994390802ACBF07000BA2490 = {
						CreatedOnToolsVersion = 15.0;
						TestTargetID = 9943906E2ACBF06D00BA2490;
					};
					9943908A2ACBF07000BA2490 = {
						CreatedOnToolsVersion = 15.0;
						TestTargetID = 9943906E2ACBF06D00BA2490;
					};
				};
			};
			buildConfigurationList = 9943906A2ACBF06D00BA2490 /* Build configuration list for PBXProject "OTTTemplateApp" */;
			compatibilityVersion = "Xcode 14.0";
			developmentRegion = en;
			hasScannedForEncodings = 0;
			knownRegions = (
				en,
				Base,
			);
			mainGroup = 994390662ACBF06D00BA2490;
			productRefGroup = 994390702ACBF06D00BA2490 /* Products */;
			projectDirPath = "";
			projectRoot = "";
			targets = (
				9943906E2ACBF06D00BA2490 /* OTTTemplateApp */,
				994390802ACBF07000BA2490 /* OTTTemplateAppTests */,
				9943908A2ACBF07000BA2490 /* OTTTemplateAppUITests */,
			);
		};
/* End PBXProject section */

/* Begin PBXResourcesBuildPhase section */
		9943906D2ACBF06D00BA2490 /* Resources */ = {
			isa = PBXResourcesBuildPhase;
			buildActionMask = 2147483647;
			files = (
				9943907C2ACBF06F00BA2490 /* Preview Assets.xcassets in Resources */,
				994390792ACBF06F00BA2490 /* Assets.xcassets in Resources */,
			);
			runOnlyForDeploymentPostprocessing = 0;
		};
		9943907F2ACBF07000BA2490 /* Resources */ = {
			isa = PBXResourcesBuildPhase;
			buildActionMask = 2147483647;
			files = (
			);
			runOnlyForDeploymentPostprocessing = 0;
		};
		994390892ACBF07000BA2490 /* Resources */ = {
			isa = PBXResourcesBuildPhase;
			buildActionMask = 2147483647;
			files = (
			);
			runOnlyForDeploymentPostprocessing = 0;
		};
/* End PBXResourcesBuildPhase section */

/* Begin PBXSourcesBuildPhase section */
		9943906B2ACBF06D00BA2490 /* Sources */ = {
			isa = PBXSourcesBuildPhase;
			buildActionMask = 2147483647;
			files = (
				994390752ACBF06D00BA2490 /* ContentView.swift in Sources */,
				994390772ACBF06D00BA2490 /* Item.swift in Sources */,
				994390732ACBF06D00BA2490 /* OTTTemplateAppApp.swift in Sources */,
			);
			runOnlyForDeploymentPostprocessing = 0;
		};
		9943907D2ACBF07000BA2490 /* Sources */ = {
			isa = PBXSourcesBuildPhase;
			buildActionMask = 2147483647;
			files = (
				994390862ACBF07000BA2490 /* OTTTemplateAppTests.swift in Sources */,
			);
			runOnlyForDeploymentPostprocessing = 0;
		};
		994390872ACBF07000BA2490 /* Sources */ = {
			isa = PBXSourcesBuildPhase;
			buildActionMask = 2147483647;
			files = (
				994390922ACBF07000BA2490 /* OTTTemplateAppUITestsLaunchTests.swift in Sources */,
				994390902ACBF07000BA2490 /* OTTTemplateAppUITests.swift in Sources */,
			);
			runOnlyForDeploymentPostprocessing = 0;
		};
/* End PBXSourcesBuildPhase section */

/* Begin PBXTargetDependency section */
		994390832ACBF07000BA2490 /* PBXTargetDependency */ = {
			isa = PBXTargetDependency;
			target = 9943906E2ACBF06D00BA2490 /* OTTTemplateApp */;
			targetProxy = 994390822ACBF07000BA2490 /* PBXContainerItemProxy */;
		};
		9943908D2ACBF07000BA2490 /* PBXTargetDependency */ = {
			isa = PBXTargetDependency;
			target = 9943906E2ACBF06D00BA2490 /* OTTTemplateApp */;
			targetProxy = 9943908C2ACBF07000BA2490 /* PBXContainerItemProxy */;
		};
/* End PBXTargetDependency section */

/* Begin XCBuildConfiguration section */
		994390932ACBF07000BA2490 /* Debug */ = {
			isa = XCBuildConfiguration;
			buildSettings = {
				ALWAYS_SEARCH_USER_PATHS = NO;
				ASSETCATALOG_COMPILER_GENERATE_SWIFT_ASSET_SYMBOL_EXTENSIONS = YES;
				CLANG_ANALYZER_NONNULL = YES;
				CLANG_ANALYZER_NUMBER_OBJECT_CONVERSION = YES_AGGRESSIVE;
				CLANG_CXX_LANGUAGE_STANDARD = "gnu++20";
				CLANG_ENABLE_MODULES = YES;
				CLANG_ENABLE_OBJC_ARC = YES;
				CLANG_ENABLE_OBJC_WEAK = YES;
				CLANG_WARN_BLOCK_CAPTURE_AUTORELEASING = YES;
				CLANG_WARN_BOOL_CONVERSION = YES;
				CLANG_WARN_COMMA = YES;
				CLANG_WARN_CONSTANT_CONVERSION = YES;
				CLANG_WARN_DEPRECATED_OBJC_IMPLEMENTATIONS = YES;
				CLANG_WARN_DIRECT_OBJC_ISA_USAGE = YES_ERROR;
				CLANG_WARN_DOCUMENTATION_COMMENTS = YES;
				CLANG_WARN_EMPTY_BODY = YES;
				CLANG_WARN_ENUM_CONVERSION = YES;
				CLANG_WARN_INFINITE_RECURSION = YES;
				CLANG_WARN_INT_CONVERSION = YES;
				CLANG_WARN_NON_LITERAL_NULL_CONVERSION = YES;
				CLANG_WARN_OBJC_IMPLICIT_RETAIN_SELF = YES;
				CLANG_WARN_OBJC_LITERAL_CONVERSION = YES;
				CLANG_WARN_OBJC_ROOT_CLASS = YES_ERROR;
				CLANG_WARN_QUOTED_INCLUDE_IN_FRAMEWORK_HEADER = YES;
				CLANG_WARN_RANGE_LOOP_ANALYSIS = YES;
				CLANG_WARN_STRICT_PROTOTYPES = YES;
				CLANG_WARN_SUSPICIOUS_MOVE = YES;
				CLANG_WARN_UNGUARDED_AVAILABILITY = YES_AGGRESSIVE;
				CLANG_WARN_UNREACHABLE_CODE = YES;
				CLANG_WARN__DUPLICATE_METHOD_MATCH = YES;
				COPY_PHASE_STRIP = NO;
				DEBUG_INFORMATION_FORMAT = dwarf;
				ENABLE_STRICT_OBJC_MSGSEND = YES;
				ENABLE_TESTABILITY = YES;
				ENABLE_USER_SCRIPT_SANDBOXING = YES;
				GCC_C_LANGUAGE_STANDARD = gnu17;
				GCC_DYNAMIC_NO_PIC = NO;
				GCC_NO_COMMON_BLOCKS = YES;
				GCC_OPTIMIZATION_LEVEL = 0;
				GCC_PREPROCESSOR_DEFINITIONS = (
					"DEBUG=1",
					"$(inherited)",
				);
				GCC_WARN_64_TO_32_BIT_CONVERSION = YES;
				GCC_WARN_ABOUT_RETURN_TYPE = YES_ERROR;
				GCC_WARN_UNDECLARED_SELECTOR = YES;
				GCC_WARN_UNINITIALIZED_AUTOS = YES_AGGRESSIVE;
				GCC_WARN_UNUSED_FUNCTION = YES;
				GCC_WARN_UNUSED_VARIABLE = YES;
				IPHONEOS_DEPLOYMENT_TARGET = 17.0;
				LOCALIZATION_PREFERS_STRING_CATALOGS = YES;
				MTL_ENABLE_DEBUG_INFO = INCLUDE_SOURCE;
				MTL_FAST_MATH = YES;
				ONLY_ACTIVE_ARCH = YES;
				SDKROOT = iphoneos;
				SWIFT_ACTIVE_COMPILATION_CONDITIONS = "DEBUG $(inherited)";
				SWIFT_OPTIMIZATION_LEVEL = "-Onone";
			};
			name = Debug;
		};
		994390942ACBF07000BA2490 /* Release */ = {
			isa = XCBuildConfiguration;
			buildSettings = {
				ALWAYS_SEARCH_USER_PATHS = NO;
				ASSETCATALOG_COMPILER_GENERATE_SWIFT_ASSET_SYMBOL_EXTENSIONS = YES;
				CLANG_ANALYZER_NONNULL = YES;
				CLANG_ANALYZER_NUMBER_OBJECT_CONVERSION = YES_AGGRESSIVE;
				CLANG_CXX_LANGUAGE_STANDARD = "gnu++20";
				CLANG_ENABLE_MODULES = YES;
				CLANG_ENABLE_OBJC_ARC = YES;
				CLANG_ENABLE_OBJC_WEAK = YES;
				CLANG_WARN_BLOCK_CAPTURE_AUTORELEASING = YES;
				CLANG_WARN_BOOL_CONVERSION = YES;
				CLANG_WARN_COMMA = YES;
				CLANG_WARN_CONSTANT_CONVERSION = YES;
				CLANG_WARN_DEPRECATED_OBJC_IMPLEMENTATIONS = YES;
				CLANG_WARN_DIRECT_OBJC_ISA_USAGE = YES_ERROR;
				CLANG_WARN_DOCUMENTATION_COMMENTS = YES;
				CLANG_WARN_EMPTY_BODY = YES;
				CLANG_WARN_ENUM_CONVERSION = YES;
				CLANG_WARN_INFINITE_RECURSION = YES;
				CLANG_WARN_INT_CONVERSION = YES;
				CLANG_WARN_NON_LITERAL_NULL_CONVERSION = YES;
				CLANG_WARN_OBJC_IMPLICIT_RETAIN_SELF = YES;
				CLANG_WARN_OBJC_LITERAL_CONVERSION = YES;
				CLANG_WARN_OBJC_ROOT_CLASS = YES_ERROR;
				CLANG_WARN_QUOTED_INCLUDE_IN_FRAMEWORK_HEADER = YES;
				CLANG_WARN_RANGE_LOOP_ANALYSIS = YES;
				CLANG_WARN_STRICT_PROTOTYPES = YES;
				CLANG_WARN_SUSPICIOUS_MOVE = YES;
				CLANG_WARN_UNGUARDED_AVAILABILITY = YES_AGGRESSIVE;
				CLANG_WARN_UNREACHABLE_CODE = YES;
				CLANG_WARN__DUPLICATE_METHOD_MATCH = YES;
				COPY_PHASE_STRIP = NO;
				DEBUG_INFORMATION_FORMAT = "dwarf-with-dsym";
				ENABLE_NS_ASSERTIONS = NO;
				ENABLE_STRICT_OBJC_MSGSEND = YES;
				ENABLE_USER_SCRIPT_SANDBOXING = YES;
				GCC_C_LANGUAGE_STANDARD = gnu17;
				GCC_NO_COMMON_BLOCKS = YES;
				GCC_WARN_64_TO_32_BIT_CONVERSION = YES;
				GCC_WARN_ABOUT_RETURN_TYPE = YES_ERROR;
				GCC_WARN_UNDECLARED_SELECTOR = YES;
				GCC_WARN_UNINITIALIZED_AUTOS = YES_AGGRESSIVE;
				GCC_WARN_UNUSED_FUNCTION = YES;
				GCC_WARN_UNUSED_VARIABLE = YES;
				IPHONEOS_DEPLOYMENT_TARGET = 17.0;
				LOCALIZATION_PREFERS_STRING_CATALOGS = YES;
				MTL_ENABLE_DEBUG_INFO = NO;
				MTL_FAST_MATH = YES;
				SDKROOT = iphoneos;
				SWIFT_COMPILATION_MODE = wholemodule;
				VALIDATE_PRODUCT = YES;
			};
			name = Release;
		};
		994390962ACBF07000BA2490 /* Debug */ = {
			isa = XCBuildConfiguration;
			buildSettings = {
				ASSETCATALOG_COMPILER_APPICON_NAME = AppIcon;
				ASSETCATALOG_COMPILER_GLOBAL_ACCENT_COLOR_NAME = AccentColor;
				CODE_SIGN_STYLE = Automatic;
				CURRENT_PROJECT_VERSION = 1;
				DEVELOPMENT_ASSET_PATHS = "\"OTTTemplateApp/Preview Content\"";
				DEVELOPMENT_TEAM = 6ZJ6B7LZNS;
				ENABLE_PREVIEWS = YES;
				GENERATE_INFOPLIST_FILE = YES;
				INFOPLIST_KEY_UIApplicationSceneManifest_Generation = YES;
				INFOPLIST_KEY_UIApplicationSupportsIndirectInputEvents = YES;
				INFOPLIST_KEY_UILaunchScreen_Generation = YES;
				INFOPLIST_KEY_UISupportedInterfaceOrientations_iPad = "UIInterfaceOrientationPortrait UIInterfaceOrientationPortraitUpsideDown UIInterfaceOrientationLandscapeLeft UIInterfaceOrientationLandscapeRight";
				INFOPLIST_KEY_UISupportedInterfaceOrientations_iPhone = "UIInterfaceOrientationPortrait UIInterfaceOrientationLandscapeLeft UIInterfaceOrientationLandscapeRight";
				LD_RUNPATH_SEARCH_PATHS = (
					"$(inherited)",
					"@executable_path/Frameworks",
				);
				MARKETING_VERSION = 1.0;
				PRODUCT_BUNDLE_IDENTIFIER = com.jio.media.ondemand.OTTTemplateApp;
				PRODUCT_NAME = "$(TARGET_NAME)";
				SWIFT_EMIT_LOC_STRINGS = YES;
				SWIFT_VERSION = 5.0;
				TARGETED_DEVICE_FAMILY = "1,2";
			};
			name = Debug;
		};
		994390972ACBF07000BA2490 /* Release */ = {
			isa = XCBuildConfiguration;
			buildSettings = {
				ASSETCATALOG_COMPILER_APPICON_NAME = AppIcon;
				ASSETCATALOG_COMPILER_GLOBAL_ACCENT_COLOR_NAME = AccentColor;
				CODE_SIGN_STYLE = Automatic;
				CURRENT_PROJECT_VERSION = 1;
				DEVELOPMENT_ASSET_PATHS = "\"OTTTemplateApp/Preview Content\"";
				DEVELOPMENT_TEAM = 6ZJ6B7LZNS;
				ENABLE_PREVIEWS = YES;
				GENERATE_INFOPLIST_FILE = YES;
				INFOPLIST_KEY_UIApplicationSceneManifest_Generation = YES;
				INFOPLIST_KEY_UIApplicationSupportsIndirectInputEvents = YES;
				INFOPLIST_KEY_UILaunchScreen_Generation = YES;
				INFOPLIST_KEY_UISupportedInterfaceOrientations_iPad = "UIInterfaceOrientationPortrait UIInterfaceOrientationPortraitUpsideDown UIInterfaceOrientationLandscapeLeft UIInterfaceOrientationLandscapeRight";
				INFOPLIST_KEY_UISupportedInterfaceOrientations_iPhone = "UIInterfaceOrientationPortrait UIInterfaceOrientationLandscapeLeft UIInterfaceOrientationLandscapeRight";
				LD_RUNPATH_SEARCH_PATHS = (
					"$(inherited)",
					"@executable_path/Frameworks",
				);
				MARKETING_VERSION = 1.0;
				PRODUCT_BUNDLE_IDENTIFIER = com.jio.media.ondemand.OTTTemplateApp;
				PRODUCT_NAME = "$(TARGET_NAME)";
				SWIFT_EMIT_LOC_STRINGS = YES;
				SWIFT_VERSION = 5.0;
				TARGETED_DEVICE_FAMILY = "1,2";
			};
			name = Release;
		};
		994390992ACBF07000BA2490 /* Debug */ = {
			isa = XCBuildConfiguration;
			buildSettings = {
				ALWAYS_EMBED_SWIFT_STANDARD_LIBRARIES = YES;
				BUNDLE_LOADER = "$(TEST_HOST)";
				CODE_SIGN_STYLE = Automatic;
				CURRENT_PROJECT_VERSION = 1;
				DEVELOPMENT_TEAM = 6ZJ6B7LZNS;
				GENERATE_INFOPLIST_FILE = YES;
				IPHONEOS_DEPLOYMENT_TARGET = 17.0;
				MARKETING_VERSION = 1.0;
				PRODUCT_BUNDLE_IDENTIFIER = com.jio.media.ondemand.OTTTemplateAppTests;
				PRODUCT_NAME = "$(TARGET_NAME)";
				SWIFT_EMIT_LOC_STRINGS = NO;
				SWIFT_VERSION = 5.0;
				TARGETED_DEVICE_FAMILY = "1,2";
				TEST_HOST = "$(BUILT_PRODUCTS_DIR)/OTTTemplateApp.app/$(BUNDLE_EXECUTABLE_FOLDER_PATH)/OTTTemplateApp";
			};
			name = Debug;
		};
		9943909A2ACBF07000BA2490 /* Release */ = {
			isa = XCBuildConfiguration;
			buildSettings = {
				ALWAYS_EMBED_SWIFT_STANDARD_LIBRARIES = YES;
				BUNDLE_LOADER = "$(TEST_HOST)";
				CODE_SIGN_STYLE = Automatic;
				CURRENT_PROJECT_VERSION = 1;
				DEVELOPMENT_TEAM = 6ZJ6B7LZNS;
				GENERATE_INFOPLIST_FILE = YES;
				IPHONEOS_DEPLOYMENT_TARGET = 17.0;
				MARKETING_VERSION = 1.0;
				PRODUCT_BUNDLE_IDENTIFIER = com.jio.media.ondemand.OTTTemplateAppTests;
				PRODUCT_NAME = "$(TARGET_NAME)";
				SWIFT_EMIT_LOC_STRINGS = NO;
				SWIFT_VERSION = 5.0;
				TARGETED_DEVICE_FAMILY = "1,2";
				TEST_HOST = "$(BUILT_PRODUCTS_DIR)/OTTTemplateApp.app/$(BUNDLE_EXECUTABLE_FOLDER_PATH)/OTTTemplateApp";
			};
			name = Release;
		};
		9943909C2ACBF07000BA2490 /* Debug */ = {
			isa = XCBuildConfiguration;
			buildSettings = {
				ALWAYS_EMBED_SWIFT_STANDARD_LIBRARIES = YES;
				CODE_SIGN_STYLE = Automatic;
				CURRENT_PROJECT_VERSION = 1;
				DEVELOPMENT_TEAM = 6ZJ6B7LZNS;
				GENERATE_INFOPLIST_FILE = YES;
				MARKETING_VERSION = 1.0;
				PRODUCT_BUNDLE_IDENTIFIER = com.jio.media.ondemand.OTTTemplateAppUITests;
				PRODUCT_NAME = "$(TARGET_NAME)";
				SWIFT_EMIT_LOC_STRINGS = NO;
				SWIFT_VERSION = 5.0;
				TARGETED_DEVICE_FAMILY = "1,2";
				TEST_TARGET_NAME = OTTTemplateApp;
			};
			name = Debug;
		};
		9943909D2ACBF07000BA2490 /* Release */ = {
			isa = XCBuildConfiguration;
			buildSettings = {
				ALWAYS_EMBED_SWIFT_STANDARD_LIBRARIES = YES;
				CODE_SIGN_STYLE = Automatic;
				CURRENT_PROJECT_VERSION = 1;
				DEVELOPMENT_TEAM = 6ZJ6B7LZNS;
				GENERATE_INFOPLIST_FILE = YES;
				MARKETING_VERSION = 1.0;
				PRODUCT_BUNDLE_IDENTIFIER = com.jio.media.ondemand.OTTTemplateAppUITests;
				PRODUCT_NAME = "$(TARGET_NAME)";
				SWIFT_EMIT_LOC_STRINGS = NO;
				SWIFT_VERSION = 5.0;
				TARGETED_DEVICE_FAMILY = "1,2";
				TEST_TARGET_NAME = OTTTemplateApp;
			};
			name = Release;
		};
/* End XCBuildConfiguration section */

/* Begin XCConfigurationList section */
		9943906A2ACBF06D00BA2490 /* Build configuration list for PBXProject "OTTTemplateApp" */ = {
			isa = XCConfigurationList;
			buildConfigurations = (
				994390932ACBF07000BA2490 /* Debug */,
				994390942ACBF07000BA2490 /* Release */,
			);
			defaultConfigurationIsVisible = 0;
			defaultConfigurationName = Release;
		};
		994390952ACBF07000BA2490 /* Build configuration list for PBXNativeTarget "OTTTemplateApp" */ = {
			isa = XCConfigurationList;
			buildConfigurations = (
				994390962ACBF07000BA2490 /* Debug */,
				994390972ACBF07000BA2490 /* Release */,
			);
			defaultConfigurationIsVisible = 0;
			defaultConfigurationName = Release;
		};
		994390982ACBF07000BA2490 /* Build configuration list for PBXNativeTarget "OTTTemplateAppTests" */ = {
			isa = XCConfigurationList;
			buildConfigurations = (
				994390992ACBF07000BA2490 /* Debug */,
				9943909A2ACBF07000BA2490 /* Release */,
			);
			defaultConfigurationIsVisible = 0;
			defaultConfigurationName = Release;
		};
		9943909B2ACBF07000BA2490 /* Build configuration list for PBXNativeTarget "OTTTemplateAppUITests" */ = {
			isa = XCConfigurationList;
			buildConfigurations = (
				9943909C2ACBF07000BA2490 /* Debug */,
				9943909D2ACBF07000BA2490 /* Release */,
			);
			defaultConfigurationIsVisible = 0;
			defaultConfigurationName = Release;
		};
/* End XCConfigurationList section */
	};
	rootObject = 994390672ACBF06D00BA2490 /* Project object */;
}
